
Microsoft Visual Studio Solution File, Format Version 12.00
# Visual Studio Version 17
VisualStudioVersion = 17.5.002.0
MinimumVisualStudioVersion = 10.0.40219.1
Project("{9A19103F-16F7-4668-BE54-9A1E7A4F7556}") = "keycloak", "keycloak.csproj", "{B2D77DAB-A300-46E9-B366-B74B0D375B88}"
EndProject
Global
	GlobalSection(SolutionConfigurationPlatforms) = preSolution
		Debug|Any CPU = Debug|Any CPU
		Release|Any CPU = Release|Any CPU
	EndGlobalSection
	GlobalSection(ProjectConfigurationPlatforms) = postSolution
		{B2D77DAB-A300-46E9-B366-B74B0D375B88}.Debug|Any CPU.ActiveCfg = Debug|Any CPU
		{B2D77DAB-A300-46E9-B366-B74B0D375B88}.Debug|Any CPU.Build.0 = Debug|Any CPU
		{B2D77DAB-A300-46E9-B366-B74B0D375B88}.Release|Any CPU.ActiveCfg = Release|Any CPU
		{B2D77DAB-A300-46E9-B366-B74B0D375B88}.Release|Any CPU.Build.0 = Release|Any CPU
	EndGlobalSection
	GlobalSection(SolutionProperties) = preSolution
		HideSolutionNode = FALSE
	EndGlobalSection
	GlobalSection(ExtensibilityGlobals) = postSolution
		SolutionGuid = {C3F09BB9-DC45-42EE-B9D9-6793F0A003EB}
	EndGlobalSection
EndGlobal
